
Microsoft Visual Studio Solution File, Format Version 12.00
# Visual Studio Version 17
VisualStudioVersion = 17.5.33530.505
MinimumVisualStudioVersion = 10.0.40219.1
Project("{FAE04EC0-301F-11D3-BF4B-00C04F79EFBC}") = "ImageResizer", "ImageResizer\ImageResizer.csproj", "{8024EF9D-585D-41F5-957E-0C455F029717}"
EndProject
Global
	GlobalSection(SolutionConfigurationPlatforms) = preSolution
		Debug|Any CPU = Debug|Any CPU
		Release|Any CPU = Release|Any CPU
	EndGlobalSection
	GlobalSection(ProjectConfigurationPlatforms) = postSolution
		{8024EF9D-585D-41F5-957E-0C455F029717}.Debug|Any CPU.ActiveCfg = Debug|Any CPU
		{8024EF9D-585D-41F5-957E-0C455F029717}.Debug|Any CPU.Build.0 = Debug|Any CPU
		{8024EF9D-585D-41F5-957E-0C455F029717}.Release|Any CPU.ActiveCfg = Release|Any CPU
		{8024EF9D-585D-41F5-957E-0C455F029717}.Release|Any CPU.Build.0 = Release|Any CPU
	EndGlobalSection
	GlobalSection(SolutionProperties) = preSolution
		HideSolutionNode = FALSE
	EndGlobalSection
	GlobalSection(ExtensibilityGlobals) = postSolution
		SolutionGuid = {626C24AE-5F2A-4C85-BB14-48CE5AE5EFEC}
	EndGlobalSection
EndGlobal
